{
  "name": "@maestroablate/ablate",
  "version": "1.0.0",
  "lockfileVersion": 3,
  "requires": true,
  "packages": {
    "": {
      "name": "@maestroablate/ablate",
      "version": "1.0.0",
      "license": "MIT",
      "bin": {
        "ablate": "scripts/install.mjs"
      },
      "engines": {
        "node": ">=20"
      }
    }
  }
}
